
Microsoft Visual Studio Solution File, Format Version 12.00
# Visual Studio Version 17
VisualStudioVersion = 17.0.32126.317
MinimumVisualStudioVersion = 10.0.40219.1
Project("{FAE04EC0-301F-11D3-BF4B-00C04F79EFBC}") = "Agenda", "Agenda\Agenda.csproj", "{CCBD6356-D1AA-488A-A894-201AF9A375E5}"
EndProject
Global
	GlobalSection(SolutionConfigurationPlatforms) = preSolution
		Debug|Any CPU = Debug|Any CPU
		Release|Any CPU = Release|Any CPU
	EndGlobalSection
	GlobalSection(ProjectConfigurationPlatforms) = postSolution
		{CCBD6356-D1AA-488A-A894-201AF9A375E5}.Debug|Any CPU.ActiveCfg = Debug|Any CPU
		{CCBD6356-D1AA-488A-A894-201AF9A375E5}.Debug|Any CPU.Build.0 = Debug|Any CPU
		{CCBD6356-D1AA-488A-A894-201AF9A375E5}.Release|Any CPU.ActiveCfg = Release|Any CPU
		{CCBD6356-D1AA-488A-A894-201AF9A375E5}.Release|Any CPU.Build.0 = Release|Any CPU
	EndGlobalSection
	GlobalSection(SolutionProperties) = preSolution
		HideSolutionNode = FALSE
	EndGlobalSection
	GlobalSection(ExtensibilityGlobals) = postSolution
		SolutionGuid = {661E857A-543B-4FB1-93E3-81B816A97C00}
	EndGlobalSection
EndGlobal
